
Microsoft Visual Studio Solution File, Format Version 12.00
# Visual Studio Version 16
VisualStudioVersion = 16.0.31410.357
MinimumVisualStudioVersion = 10.0.40219.1
Project("{FAE04EC0-301F-11D3-BF4B-00C04F79EFBC}") = "caffe", "caffe\caffe.csproj", "{26035501-CF5B-4D7A-907E-53CCC2CF7931}"
EndProject
Global
	GlobalSection(SolutionConfigurationPlatforms) = preSolution
		Debug|Any CPU = Debug|Any CPU
		Release|Any CPU = Release|Any CPU
	EndGlobalSection
	GlobalSection(ProjectConfigurationPlatforms) = postSolution
		{26035501-CF5B-4D7A-907E-53CCC2CF7931}.Debug|Any CPU.ActiveCfg = Debug|Any CPU
		{26035501-CF5B-4D7A-907E-53CCC2CF7931}.Debug|Any CPU.Build.0 = Debug|Any CPU
		{26035501-CF5B-4D7A-907E-53CCC2CF7931}.Release|Any CPU.ActiveCfg = Release|Any CPU
		{26035501-CF5B-4D7A-907E-53CCC2CF7931}.Release|Any CPU.Build.0 = Release|Any CPU
	EndGlobalSection
	GlobalSection(SolutionProperties) = preSolution
		HideSolutionNode = FALSE
	EndGlobalSection
	GlobalSection(ExtensibilityGlobals) = postSolution
		SolutionGuid = {78450523-C26F-46B3-A78B-0B448840C850}
	EndGlobalSection
EndGlobal
